{
  "name": "Harvestify",
  "lockfileVersion": 3,
  "requires": true,
  "packages": {
    "": {
      "dependencies": {
        "frozen": "^0.0.2"
      }
    },
    "node_modules/frozen": {
      "version": "0.0.2",
      "resolved": "https://registry.npmjs.org/frozen/-/frozen-0.0.2.tgz",
      "integrity": "sha512-NA/fHSCflk1zXO8J0okaXse0ZYcCl/+TCflMn4iPX1y91Vg7D2JDCMRfBTW0VBqWv5LCgCaKSCEFP8RNswIK8g==",
      "engines": {
        "node": "*"
      }
    }
  }
}
